
Microsoft Visual Studio Solution File, Format Version 12.00
# Visual Studio 15
VisualStudioVersion = 15.0.28307.421
MinimumVisualStudioVersion = 10.0.40219.1
Project("{2150E333-8FDC-42A3-9474-1A3956D46DE8}") = "1.0 Application", "1.0 Application", "{A4044D80-FA3B-4993-B59D-3277B260677B}"
EndProject
Project("{2150E333-8FDC-42A3-9474-1A3956D46DE8}") = "3.0 Domain", "3.0 Domain", "{70A6B04E-D769-47A3-94C3-86B9C898204F}"
EndProject
Project("{2150E333-8FDC-42A3-9474-1A3956D46DE8}") = "2.0 Infrastructure", "2.0 Infrastructure", "{39F3BA0C-2EE6-4085-BA9B-9381D94D81E5}"
EndProject
Project("{2150E333-8FDC-42A3-9474-1A3956D46DE8}") = "Entities", "Entities", "{40848F53-B8CE-4F58-A7E8-269DABE8FE66}"
EndProject
Project("{2150E333-8FDC-42A3-9474-1A3956D46DE8}") = "ValueObjects", "ValueObjects", "{15D7F7FF-8CB2-4AAC-BFA8-F155257E0EC1}"
EndProject
Project("{2150E333-8FDC-42A3-9474-1A3956D46DE8}") = "Aggregates", "Aggregates", "{C0F62092-98F6-4CF4-AC53-B5195CA53181}"
EndProject
Project("{2150E333-8FDC-42A3-9474-1A3956D46DE8}") = "Events", "Events", "{73775E16-1C7A-4ED8-9CBC-7CB6F7D5E299}"
EndProject
Project("{2150E333-8FDC-42A3-9474-1A3956D46DE8}") = "Seedwork", "Seedwork", "{E64CB9B0-CA13-4BC1-80AD-A8B7258C4C9B}"
EndProject
Project("{2150E333-8FDC-42A3-9474-1A3956D46DE8}") = "Services", "Services", "{9D4FFCED-8F42-4D53-A690-053C88C6338A}"
EndProject
Project("{2150E333-8FDC-42A3-9474-1A3956D46DE8}") = "Repositories", "Repositories", "{2CB76231-4FEE-4BBB-B4D3-AF5E55786AA9}"
EndProject
Project("{2150E333-8FDC-42A3-9474-1A3956D46DE8}") = "Features", "Features", "{7CB64392-025B-4A35-80E7-990D9C78EB45}"
EndProject
Project("{2150E333-8FDC-42A3-9474-1A3956D46DE8}") = "Root", "Root", "{0E4397CA-E6EE-49E2-89F4-E50030AE8581}"
EndProject
Project("{2150E333-8FDC-42A3-9474-1A3956D46DE8}") = "Handlers", "Handlers", "{038D9679-1C9F-49B2-B3FC-8EF25E2BD9C4}"
EndProject
Project("{9A19103F-16F7-4668-BE54-9A1E7A4F7556}") = "MBran.Application.Api", "Root\MBran.Application.Api\MBran.Application.Api.csproj", "{519760CE-4D7F-46CE-8D56-3F2D1A8F9078}"
EndProject
Project("{9A19103F-16F7-4668-BE54-9A1E7A4F7556}") = "MBran.Application.EventHandlers", "Handlers\MBran.Application.EventHandlers\MBran.Application.EventHandlers.csproj", "{FF436502-86A5-4B01-A479-FAF2C1783E44}"
EndProject
Project("{9A19103F-16F7-4668-BE54-9A1E7A4F7556}") = "MBran.Application.Feature1", "Features\MBran.Application.Feature1\MBran.Application.Feature1.csproj", "{CA96EBDB-352B-4BA4-9DAB-471D778BB61A}"
EndProject
Global
	GlobalSection(SolutionConfigurationPlatforms) = preSolution
		Debug|Any CPU = Debug|Any CPU
		Release|Any CPU = Release|Any CPU
	EndGlobalSection
	GlobalSection(ProjectConfigurationPlatforms) = postSolution
		{519760CE-4D7F-46CE-8D56-3F2D1A8F9078}.Debug|Any CPU.ActiveCfg = Debug|Any CPU
		{519760CE-4D7F-46CE-8D56-3F2D1A8F9078}.Debug|Any CPU.Build.0 = Debug|Any CPU
		{519760CE-4D7F-46CE-8D56-3F2D1A8F9078}.Release|Any CPU.ActiveCfg = Release|Any CPU
		{519760CE-4D7F-46CE-8D56-3F2D1A8F9078}.Release|Any CPU.Build.0 = Release|Any CPU
		{FF436502-86A5-4B01-A479-FAF2C1783E44}.Debug|Any CPU.ActiveCfg = Debug|Any CPU
		{FF436502-86A5-4B01-A479-FAF2C1783E44}.Debug|Any CPU.Build.0 = Debug|Any CPU
		{FF436502-86A5-4B01-A479-FAF2C1783E44}.Release|Any CPU.ActiveCfg = Release|Any CPU
		{FF436502-86A5-4B01-A479-FAF2C1783E44}.Release|Any CPU.Build.0 = Release|Any CPU
		{CA96EBDB-352B-4BA4-9DAB-471D778BB61A}.Debug|Any CPU.ActiveCfg = Debug|Any CPU
		{CA96EBDB-352B-4BA4-9DAB-471D778BB61A}.Debug|Any CPU.Build.0 = Debug|Any CPU
		{CA96EBDB-352B-4BA4-9DAB-471D778BB61A}.Release|Any CPU.ActiveCfg = Release|Any CPU
		{CA96EBDB-352B-4BA4-9DAB-471D778BB61A}.Release|Any CPU.Build.0 = Release|Any CPU
	EndGlobalSection
	GlobalSection(SolutionProperties) = preSolution
		HideSolutionNode = FALSE
	EndGlobalSection
	GlobalSection(NestedProjects) = preSolution
		{40848F53-B8CE-4F58-A7E8-269DABE8FE66} = {70A6B04E-D769-47A3-94C3-86B9C898204F}
		{15D7F7FF-8CB2-4AAC-BFA8-F155257E0EC1} = {70A6B04E-D769-47A3-94C3-86B9C898204F}
		{C0F62092-98F6-4CF4-AC53-B5195CA53181} = {70A6B04E-D769-47A3-94C3-86B9C898204F}
		{73775E16-1C7A-4ED8-9CBC-7CB6F7D5E299} = {70A6B04E-D769-47A3-94C3-86B9C898204F}
		{E64CB9B0-CA13-4BC1-80AD-A8B7258C4C9B} = {70A6B04E-D769-47A3-94C3-86B9C898204F}
		{9D4FFCED-8F42-4D53-A690-053C88C6338A} = {70A6B04E-D769-47A3-94C3-86B9C898204F}
		{2CB76231-4FEE-4BBB-B4D3-AF5E55786AA9} = {39F3BA0C-2EE6-4085-BA9B-9381D94D81E5}
		{7CB64392-025B-4A35-80E7-990D9C78EB45} = {A4044D80-FA3B-4993-B59D-3277B260677B}
		{0E4397CA-E6EE-49E2-89F4-E50030AE8581} = {A4044D80-FA3B-4993-B59D-3277B260677B}
		{038D9679-1C9F-49B2-B3FC-8EF25E2BD9C4} = {A4044D80-FA3B-4993-B59D-3277B260677B}
		{519760CE-4D7F-46CE-8D56-3F2D1A8F9078} = {0E4397CA-E6EE-49E2-89F4-E50030AE8581}
		{FF436502-86A5-4B01-A479-FAF2C1783E44} = {038D9679-1C9F-49B2-B3FC-8EF25E2BD9C4}
		{CA96EBDB-352B-4BA4-9DAB-471D778BB61A} = {7CB64392-025B-4A35-80E7-990D9C78EB45}
	EndGlobalSection
	GlobalSection(ExtensibilityGlobals) = postSolution
		SolutionGuid = {013D2408-D7BD-4D38-8A82-1E3431507472}
	EndGlobalSection
EndGlobal
