
Microsoft Visual Studio Solution File, Format Version 12.00
# Visual Studio Version 16
VisualStudioVersion = 16.0.30011.22
MinimumVisualStudioVersion = 10.0.40219.1
Project("{FAE04EC0-301F-11D3-BF4B-00C04F79EFBC}") = "BizzPo.Core", "BizzPo.Core\BizzPo.Core.csproj", "{9E8CBAC7-57A2-4188-B155-6F45FA63363A}"
EndProject
Global
	GlobalSection(SolutionConfigurationPlatforms) = preSolution
		Debug|Any CPU = Debug|Any CPU
		Release|Any CPU = Release|Any CPU
	EndGlobalSection
	GlobalSection(ProjectConfigurationPlatforms) = postSolution
		{9E8CBAC7-57A2-4188-B155-6F45FA63363A}.Debug|Any CPU.ActiveCfg = Debug|Any CPU
		{9E8CBAC7-57A2-4188-B155-6F45FA63363A}.Debug|Any CPU.Build.0 = Debug|Any CPU
		{9E8CBAC7-57A2-4188-B155-6F45FA63363A}.Release|Any CPU.ActiveCfg = Release|Any CPU
		{9E8CBAC7-57A2-4188-B155-6F45FA63363A}.Release|Any CPU.Build.0 = Release|Any CPU
	EndGlobalSection
	GlobalSection(SolutionProperties) = preSolution
		HideSolutionNode = FALSE
	EndGlobalSection
	GlobalSection(ExtensibilityGlobals) = postSolution
		SolutionGuid = {B2F608B3-D408-43C8-ACF6-2D806358FA42}
	EndGlobalSection
EndGlobal
